{
    "_readme": [
        "This file locks the dependencies of your project to a known state",
        "Read more about it at https://getcomposer.org/doc/01-basic-usage.md#installing-dependencies",
        "This file is @generated automatically"
    ],
    "content-hash": "49c2e1881e48af6bc59443c0fb3d182b",
    "packages": [
        {
            "name": "dingo/api",
            "version": "v3.0.8",
            "source": {
                "type": "git",
                "url": "https://github.com/dingo/api.git",
                "reference": "42b6afa6e20a27f938a45e676665e57d26422cea"
            },
            "dist": {
                "type": "zip",
                "url": "https://api.github.com/repos/dingo/api/zipball/42b6afa6e20a27f938a45e676665e57d26422cea",
                "reference": "42b6afa6e20a27f938a45e676665e57d26422cea",
                "shasum": ""
            },
            "require": {
                "dingo/blueprint": "^0.4",
                "illuminate/routing": "^7.0|^8.0",
                "illuminate/support": "^7.0|^8.0",
                "league/fractal": "^0.19",
                "php": "^7.2.5|^8.0"
            },
            "require-dev": {
                "friendsofphp/php-cs-fixer": "~2",
                "illuminate/auth": "^7.0|^8.0",
                "illuminate/cache": "^7.0|^8.0",
                "illuminate/console": "^7.0|^8.0",
                "illuminate/database": "^7.0|^8.0",
                "illuminate/events": "^7.0|^8.0",
                "illuminate/filesystem": "^7.0|^8.0",
                "illuminate/log": "^7.0|^8.0",
                "illuminate/pagination": "^7.0|^8.0",
                "laravel/lumen-framework": "^7.0|^8.0",
                "mockery/mockery": "~1.0",
                "phpunit/phpunit": "^8.5|^9.0",
                "squizlabs/php_codesniffer": "~2.0",
                "tymon/jwt-auth": "1.0.*"
            },
            "suggest": {
                "tymon/jwt-auth": "Protect your API with JSON Web Tokens."
            },
            "type": "library",
            "extra": {
                "branch-alias": {
                    "dev-master": "2.0-dev"
                },
                "laravel": {
                    "providers": [
                        "Dingo\\Api\\Provider\\LaravelServiceProvider"
                    ],
                    "aliases": {
                        "API": "Dingo\\Api\\Facade\\API"
                    }
                }
            },
            "autoload": {
                "psr-4": {
                    "Dingo\\Api\\": "src/"
                },
                "files": [
                    "src/helpers.php"
                ]
            },
            "notification-url": "https://packagist.org/downloads/",
            "license": [
                "BSD-3-Clause"
            ],
            "authors": [
                {
                    "name": "Jason Lewis",
                    "email": "jason.lewis1991@gmail.com"
                }
            ],
            "description": "A RESTful API package for the Laravel and Lumen frameworks.",
            "keywords": [
                "api",
                "dingo",
                "laravel",
                "restful"
            ],
            "support": {
                "issues": "https://github.com/dingo/api/issues",
                "source": "https://github.com/dingo/api/tree/v3.0.8"
            },
            "abandoned": "api-ecosystem-for-laravel/dingo-api",
            "time": "2022-01-27T15:11:20+00:00"
        },
        {
            "name": "dingo/blueprint",
            "version": "v0.4.3",
            "source": {
                "type": "git",
                "url": "https://github.com/dingo/blueprint.git",
                "reference": "e3a8f19ae10716670079c3c162540756dbd20a88"
            },
            "dist": {
                "type": "zip",
                "url": "https://api.github.com/repos/dingo/blueprint/zipball/e3a8f19ae10716670079c3c162540756dbd20a88",
                "reference": "e3a8f19ae10716670079c3c162540756dbd20a88",
                "shasum": ""
            },
            "require": {
                "doctrine/annotations": "~1.2",
                "illuminate/filesystem": "^7.0|^8.0",
                "illuminate/support": "^7.0|^8.0",
                "php": "^7.2.5|^8.0",
                "phpdocumentor/reflection-docblock": "^3.1 || ^4.1 || ^5"
            },
            "require-dev": {
                "phpunit/phpunit": "^6.5|^8.3|^9.0",
                "squizlabs/php_codesniffer": "~2.0"
            },
            "type": "library",
            "extra": {
                "branch-alias": {
                    "dev-master": "0.2-dev"
                }
            },
            "autoload": {
                "psr-4": {
                    "Dingo\\Blueprint\\": "src"
                }
            },
            "notification-url": "https://packagist.org/downloads/",
            "license": [
                "BSD-3-Clause"
            ],
            "authors": [
                {
                    "name": "Jason Lewis",
                    "email": "jason.lewis1991@gmail.com"
                }
            ],
            "description": "API Blueprint documentation generator.",
            "keywords": [
                "api",
                "blueprint",
                "dingo",
                "docs",
                "laravel"
            ],
            "support": {
                "issues": "https://github.com/dingo/blueprint/issues",
                "source": "https://github.com/dingo/blueprint/tree/v0.4.3"
            },
            "time": "2021-04-30T11:20:38+00:00"
        },
        {
            "name": "doctrine/annotations",
            "version": "1.13.2",
            "source": {
                "type": "git",
                "url": "https://github.com/doctrine/annotations.git",
                "reference": "5b668aef16090008790395c02c893b1ba13f7e08"
            },
            "dist": {
                "type": "zip",
                "url": "https://api.github.com/repos/doctrine/annotations/zipball/5b668aef16090008790395c02c893b1ba13f7e08",
                "reference": "5b668aef16090008790395c02c893b1ba13f7e08",
                "shasum": ""
            },
            "require": {
                "doctrine/lexer": "1.*",
                "ext-tokenizer": "*",
                "php": "^7.1 || ^8.0",
                "psr/cache": "^1 || ^2 || ^3"
            },
            "require-dev": {
                "doctrine/cache": "^1.11 || ^2.0",
                "doctrine/coding-standard": "^6.0 || ^8.1",
                "phpstan/phpstan": "^0.12.20",
                "phpunit/phpunit": "^7.5 || ^8.0 || ^9.1.5",
                "symfony/cache": "^4.4 || ^5.2"
            },
            "type": "library",
            "autoload": {
                "psr-4": {
                    "Doctrine\\Common\\Annotations\\": "lib/Doctrine/Common/Annotations"
                }
            },
            "notification-url": "https://packagist.org/downloads/",
            "license": [
                "MIT"
            ],
            "authors": [
                {
                    "name": "Guilherme Blanco",
                    "email": "guilhermeblanco@gmail.com"
                },
                {
                    "name": "Roman Borschel",
                    "email": "roman@code-factory.org"
                },
                {
                    "name": "Benjamin Eberlei",
                    "email": "kontakt@beberlei.de"
                },
                {
                    "name": "Jonathan Wage",
                    "email": "jonwage@gmail.com"
                },
                {
                    "name": "Johannes Schmitt",
                    "email": "schmittjoh@gmail.com"
                }
            ],
            "description": "Docblock Annotations Parser",
            "homepage": "https://www.doctrine-project.org/projects/annotations.html",
            "keywords": [
                "annotations",
                "docblock",
                "parser"
            ],
            "support": {
                "issues": "https://github.com/doctrine/annotations/issues",
                "source": "https://github.com/doctrine/annotations/tree/1.13.2"
            },
            "time": "2021-08-05T19:00:23+00:00"
        },
        {
            "name": "laravel/sanctum",
            "version": "v2.13.0",
            "source": {
                "type": "git",
                "url": "https://github.com/laravel/sanctum.git",
                "reference": "b4c07d0014b78430a3c827064217f811f0708eaa"
            },
            "dist": {
                "type": "zip",
                "url": "https://api.github.com/repos/laravel/sanctum/zipball/b4c07d0014b78430a3c827064217f811f0708eaa",
                "reference": "b4c07d0014b78430a3c827064217f811f0708eaa",
                "shasum": ""
            },
            "require": {
                "ext-json": "*",
                "illuminate/contracts": "^6.9|^7.0|^8.0",
                "illuminate/database": "^6.9|^7.0|^8.0",
                "illuminate/support": "^6.9|^7.0|^8.0",
                "php": "^7.2|^8.0"
            },
            "require-dev": {
                "mockery/mockery": "^1.0",
                "orchestra/testbench": "^4.0|^5.0|^6.0",
                "phpunit/phpunit": "^8.0|^9.3"
            },
            "type": "library",
            "extra": {
                "branch-alias": {
                    "dev-master": "2.x-dev"
                },
                "laravel": {
                    "providers": [
                        "Laravel\\Sanctum\\SanctumServiceProvider"
                    ]
                }
            },
            "autoload": {
                "psr-4": {
                    "Laravel\\Sanctum\\": "src/"
                }
            },
            "notification-url": "https://packagist.org/downloads/",
            "license": [
                "MIT"
            ],
            "authors": [
                {
                    "name": "Taylor Otwell",
                    "email": "taylor@laravel.com"
                }
            ],
            "description": "Laravel Sanctum provides a featherweight authentication system for SPAs and simple APIs.",
            "keywords": [
                "auth",
                "laravel",
                "sanctum"
            ],
            "support": {
                "issues": "https://github.com/laravel/sanctum/issues",
                "source": "https://github.com/laravel/sanctum"
            },
            "time": "2021-12-14T17:49:47+00:00"
        },
        {
            "name": "league/fractal",
            "version": "0.19.2",
            "source": {
                "type": "git",
                "url": "https://github.com/thephpleague/fractal.git",
                "reference": "06dc15f6ba38f2dde2f919d3095d13b571190a7c"
            },
            "dist": {
                "type": "zip",
                "url": "https://api.github.com/repos/thephpleague/fractal/zipball/06dc15f6ba38f2dde2f919d3095d13b571190a7c",
                "reference": "06dc15f6ba38f2dde2f919d3095d13b571190a7c",
                "shasum": ""
            },
            "require": {
                "php": ">=5.4"
            },
            "require-dev": {
                "doctrine/orm": "^2.5",
                "illuminate/contracts": "~5.0",
                "mockery/mockery": "~0.9",
                "pagerfanta/pagerfanta": "~1.0.0",
                "phpunit/phpunit": "^4.8.35 || ^7.5",
                "squizlabs/php_codesniffer": "~1.5|~2.0|~3.4",
                "zendframework/zend-paginator": "~2.3"
            },
            "suggest": {
                "illuminate/pagination": "The Illuminate Pagination component.",
                "pagerfanta/pagerfanta": "Pagerfanta Paginator",
                "zendframework/zend-paginator": "Zend Framework Paginator"
            },
            "type": "library",
            "extra": {
                "branch-alias": {
                    "dev-master": "0.13-dev"
                }
            },
            "autoload": {
                "psr-4": {
                    "League\\Fractal\\": "src"
                }
            },
            "notification-url": "https://packagist.org/downloads/",
            "license": [
                "MIT"
            ],
            "authors": [
                {
                    "name": "Phil Sturgeon",
                    "email": "me@philsturgeon.uk",
                    "homepage": "http://philsturgeon.uk/",
                    "role": "Developer"
                }
            ],
            "description": "Handle the output of complex data structures ready for API output.",
            "homepage": "http://fractal.thephpleague.com/",
            "keywords": [
                "api",
                "json",
                "league",
                "rest"
            ],
            "support": {
                "issues": "https://github.com/thephpleague/fractal/issues",
                "source": "https://github.com/thephpleague/fractal/tree/0.19.2"
            },
            "time": "2020-01-24T23:17:29+00:00"
        },
        {
            "name": "phpdocumentor/reflection-common",
            "version": "2.2.0",
            "source": {
                "type": "git",
                "url": "https://github.com/phpDocumentor/ReflectionCommon.git",
                "reference": "1d01c49d4ed62f25aa84a747ad35d5a16924662b"
            },
            "dist": {
                "type": "zip",
                "url": "https://api.github.com/repos/phpDocumentor/ReflectionCommon/zipball/1d01c49d4ed62f25aa84a747ad35d5a16924662b",
                "reference": "1d01c49d4ed62f25aa84a747ad35d5a16924662b",
                "shasum": ""
            },
            "require": {
                "php": "^7.2 || ^8.0"
            },
            "type": "library",
            "extra": {
                "branch-alias": {
                    "dev-2.x": "2.x-dev"
                }
            },
            "autoload": {
                "psr-4": {
                    "phpDocumentor\\Reflection\\": "src/"
                }
            },
            "notification-url": "https://packagist.org/downloads/",
            "license": [
                "MIT"
            ],
            "authors": [
                {
                    "name": "Jaap van Otterdijk",
                    "email": "opensource@ijaap.nl"
                }
            ],
            "description": "Common reflection classes used by phpdocumentor to reflect the code structure",
            "homepage": "http://www.phpdoc.org",
            "keywords": [
                "FQSEN",
                "phpDocumentor",
                "phpdoc",
                "reflection",
                "static analysis"
            ],
            "support": {
                "issues": "https://github.com/phpDocumentor/ReflectionCommon/issues",
                "source": "https://github.com/phpDocumentor/ReflectionCommon/tree/2.x"
            },
            "time": "2020-06-27T09:03:43+00:00"
        },
        {
            "name": "phpdocumentor/reflection-docblock",
            "version": "5.3.0",
            "source": {
                "type": "git",
                "url": "https://github.com/phpDocumentor/ReflectionDocBlock.git",
                "reference": "622548b623e81ca6d78b721c5e029f4ce664f170"
            },
            "dist": {
                "type": "zip",
                "url": "https://api.github.com/repos/phpDocumentor/ReflectionDocBlock/zipball/622548b623e81ca6d78b721c5e029f4ce664f170",
                "reference": "622548b623e81ca6d78b721c5e029f4ce664f170",
                "shasum": ""
            },
            "require": {
                "ext-filter": "*",
                "php": "^7.2 || ^8.0",
                "phpdocumentor/reflection-common": "^2.2",
                "phpdocumentor/type-resolver": "^1.3",
                "webmozart/assert": "^1.9.1"
            },
            "require-dev": {
                "mockery/mockery": "~1.3.2",
                "psalm/phar": "^4.8"
            },
            "type": "library",
            "extra": {
                "branch-alias": {
                    "dev-master": "5.x-dev"
                }
            },
            "autoload": {
                "psr-4": {
                    "phpDocumentor\\Reflection\\": "src"
                }
            },
            "notification-url": "https://packagist.org/downloads/",
            "license": [
                "MIT"
            ],
            "authors": [
                {
                    "name": "Mike van Riel",
                    "email": "me@mikevanriel.com"
                },
                {
                    "name": "Jaap van Otterdijk",
                    "email": "account@ijaap.nl"
                }
            ],
            "description": "With this component, a library can provide support for annotations via DocBlocks or otherwise retrieve information that is embedded in a DocBlock.",
            "support": {
                "issues": "https://github.com/phpDocumentor/ReflectionDocBlock/issues",
                "source": "https://github.com/phpDocumentor/ReflectionDocBlock/tree/5.3.0"
            },
            "time": "2021-10-19T17:43:47+00:00"
        },
        {
            "name": "phpdocumentor/type-resolver",
            "version": "1.6.1",
            "source": {
                "type": "git",
                "url": "https://github.com/phpDocumentor/TypeResolver.git",
                "reference": "77a32518733312af16a44300404e945338981de3"
            },
            "dist": {
                "type": "zip",
                "url": "https://api.github.com/repos/phpDocumentor/TypeResolver/zipball/77a32518733312af16a44300404e945338981de3",
                "reference": "77a32518733312af16a44300404e945338981de3",
                "shasum": ""
            },
            "require": {
                "php": "^7.2 || ^8.0",
                "phpdocumentor/reflection-common": "^2.0"
            },
            "require-dev": {
                "ext-tokenizer": "*",
                "psalm/phar": "^4.8"
            },
            "type": "library",
            "extra": {
                "branch-alias": {
                    "dev-1.x": "1.x-dev"
                }
            },
            "autoload": {
                "psr-4": {
                    "phpDocumentor\\Reflection\\": "src"
                }
            },
            "notification-url": "https://packagist.org/downloads/",
            "license": [
                "MIT"
            ],
            "authors": [
                {
                    "name": "Mike van Riel",
                    "email": "me@mikevanriel.com"
                }
            ],
            "description": "A PSR-5 based resolver of Class names, Types and Structural Element Names",
            "support": {
                "issues": "https://github.com/phpDocumentor/TypeResolver/issues",
                "source": "https://github.com/phpDocumentor/TypeResolver/tree/1.6.1"
            },
            "time": "2022-03-15T21:29:03+00:00"
        },
        {
            "name": "psr/cache",
            "version": "3.0.0",
            "source": {
                "type": "git",
                "url": "https://github.com/php-fig/cache.git",
                "reference": "aa5030cfa5405eccfdcb1083ce040c2cb8d253bf"
            },
            "dist": {
                "type": "zip",
                "url": "https://api.github.com/repos/php-fig/cache/zipball/aa5030cfa5405eccfdcb1083ce040c2cb8d253bf",
                "reference": "aa5030cfa5405eccfdcb1083ce040c2cb8d253bf",
                "shasum": ""
            },
            "require": {
                "php": ">=8.0.0"
            },
            "type": "library",
            "extra": {
                "branch-alias": {
                    "dev-master": "1.0.x-dev"
                }
            },
            "autoload": {
                "psr-4": {
                    "Psr\\Cache\\": "src/"
                }
            },
            "notification-url": "https://packagist.org/downloads/",
            "license": [
                "MIT"
            ],
            "authors": [
                {
                    "name": "PHP-FIG",
                    "homepage": "https://www.php-fig.org/"
                }
            ],
            "description": "Common interface for caching libraries",
            "keywords": [
                "cache",
                "psr",
                "psr-6"
            ],
            "support": {
                "source": "https://github.com/php-fig/cache/tree/3.0.0"
            },
            "time": "2021-02-03T23:26:27+00:00"
        }
    ],
    "packages-dev": [],
    "aliases": [],
    "minimum-stability": "stable",
    "stability-flags": [],
    "prefer-stable": false,
    "prefer-lowest": false,
    "platform": [],
    "platform-dev": [],
    "plugin-api-version": "2.3.0"
}
